{
  "name": "coforge-playwright-0225",
  "version": "1.0.0",
  "lockfileVersion": 3,
  "requires": true,
  "packages": {
    "": {
      "name": "coforge-playwright-0225",
      "version": "1.0.0",
      "license": "ISC",
      "dependencies": {
        "coforge-playwright-0225": "file:"
      }
    },
    "node_modules/coforge-playwright-0225": {
      "resolved": "",
      "link": true
    }
  }
}
